
Microsoft Visual Studio Solution File, Format Version 12.00
# Visual Studio Version 17
VisualStudioVersion = 17.1.32421.90
MinimumVisualStudioVersion = 10.0.40219.1
Project("{FAE04EC0-301F-11D3-BF4B-00C04F79EFBC}") = "RentACar.Core", "RentACar.Core\RentACar.Core.csproj", "{A55CEBE3-1C80-4C36-BC53-BA69D570EACC}"
EndProject
Project("{FAE04EC0-301F-11D3-BF4B-00C04F79EFBC}") = "RentACar.Repository", "RentACar.Repository\RentACar.Repository.csproj", "{1429DE0D-B053-4DAF-9466-F38D8976ADD8}"
EndProject
Project("{FAE04EC0-301F-11D3-BF4B-00C04F79EFBC}") = "RentACar.Service", "RentACar.Service\RentACar.Service.csproj", "{591537A6-CCD9-46CB-A307-B352499CF60B}"
EndProject
Project("{FAE04EC0-301F-11D3-BF4B-00C04F79EFBC}") = "RentACar.API", "RentACar.API\RentACar.API.csproj", "{56C4215C-BB84-4F64-96AD-30201357D84F}"
EndProject
Project("{FAE04EC0-301F-11D3-BF4B-00C04F79EFBC}") = "RentACar.Caching", "RentACar.Caching\RentACar.Caching.csproj", "{2C58DDE1-26DB-414F-94E4-F47C40F781DC}"
EndProject
Global
	GlobalSection(SolutionConfigurationPlatforms) = preSolution
		Debug|Any CPU = Debug|Any CPU
		Release|Any CPU = Release|Any CPU
	EndGlobalSection
	GlobalSection(ProjectConfigurationPlatforms) = postSolution
		{A55CEBE3-1C80-4C36-BC53-BA69D570EACC}.Debug|Any CPU.ActiveCfg = Debug|Any CPU
		{A55CEBE3-1C80-4C36-BC53-BA69D570EACC}.Debug|Any CPU.Build.0 = Debug|Any CPU
		{A55CEBE3-1C80-4C36-BC53-BA69D570EACC}.Release|Any CPU.ActiveCfg = Release|Any CPU
		{A55CEBE3-1C80-4C36-BC53-BA69D570EACC}.Release|Any CPU.Build.0 = Release|Any CPU
		{1429DE0D-B053-4DAF-9466-F38D8976ADD8}.Debug|Any CPU.ActiveCfg = Debug|Any CPU
		{1429DE0D-B053-4DAF-9466-F38D8976ADD8}.Debug|Any CPU.Build.0 = Debug|Any CPU
		{1429DE0D-B053-4DAF-9466-F38D8976ADD8}.Release|Any CPU.ActiveCfg = Release|Any CPU
		{1429DE0D-B053-4DAF-9466-F38D8976ADD8}.Release|Any CPU.Build.0 = Release|Any CPU
		{591537A6-CCD9-46CB-A307-B352499CF60B}.Debug|Any CPU.ActiveCfg = Debug|Any CPU
		{591537A6-CCD9-46CB-A307-B352499CF60B}.Debug|Any CPU.Build.0 = Debug|Any CPU
		{591537A6-CCD9-46CB-A307-B352499CF60B}.Release|Any CPU.ActiveCfg = Release|Any CPU
		{591537A6-CCD9-46CB-A307-B352499CF60B}.Release|Any CPU.Build.0 = Release|Any CPU
		{56C4215C-BB84-4F64-96AD-30201357D84F}.Debug|Any CPU.ActiveCfg = Debug|Any CPU
		{56C4215C-BB84-4F64-96AD-30201357D84F}.Debug|Any CPU.Build.0 = Debug|Any CPU
		{56C4215C-BB84-4F64-96AD-30201357D84F}.Release|Any CPU.ActiveCfg = Release|Any CPU
		{56C4215C-BB84-4F64-96AD-30201357D84F}.Release|Any CPU.Build.0 = Release|Any CPU
		{2C58DDE1-26DB-414F-94E4-F47C40F781DC}.Debug|Any CPU.ActiveCfg = Debug|Any CPU
		{2C58DDE1-26DB-414F-94E4-F47C40F781DC}.Debug|Any CPU.Build.0 = Debug|Any CPU
		{2C58DDE1-26DB-414F-94E4-F47C40F781DC}.Release|Any CPU.ActiveCfg = Release|Any CPU
		{2C58DDE1-26DB-414F-94E4-F47C40F781DC}.Release|Any CPU.Build.0 = Release|Any CPU
	EndGlobalSection
	GlobalSection(SolutionProperties) = preSolution
		HideSolutionNode = FALSE
	EndGlobalSection
	GlobalSection(ExtensibilityGlobals) = postSolution
		SolutionGuid = {2D17A244-9DBF-4F72-9755-B42B9FC281FA}
	EndGlobalSection
EndGlobal
